
Microsoft Visual Studio Solution File, Format Version 12.00
# Visual Studio Version 16
VisualStudioVersion = 16.0.29613.14
MinimumVisualStudioVersion = 10.0.40219.1
Project("{FAE04EC0-301F-11D3-BF4B-00C04F79EFBC}") = "TechBlog", "TechBlog\TechBlog.csproj", "{75A170BA-5F34-40F5-B435-3316486A63CD}"
EndProject
Global
	GlobalSection(SolutionConfigurationPlatforms) = preSolution
		Debug|Any CPU = Debug|Any CPU
		Release|Any CPU = Release|Any CPU
	EndGlobalSection
	GlobalSection(ProjectConfigurationPlatforms) = postSolution
		{75A170BA-5F34-40F5-B435-3316486A63CD}.Debug|Any CPU.ActiveCfg = Debug|Any CPU
		{75A170BA-5F34-40F5-B435-3316486A63CD}.Debug|Any CPU.Build.0 = Debug|Any CPU
		{75A170BA-5F34-40F5-B435-3316486A63CD}.Release|Any CPU.ActiveCfg = Release|Any CPU
		{75A170BA-5F34-40F5-B435-3316486A63CD}.Release|Any CPU.Build.0 = Release|Any CPU
	EndGlobalSection
	GlobalSection(SolutionProperties) = preSolution
		HideSolutionNode = FALSE
	EndGlobalSection
	GlobalSection(ExtensibilityGlobals) = postSolution
		SolutionGuid = {8CB3FDB2-1B96-4E4C-93CD-611764A41BD9}
	EndGlobalSection
EndGlobal
